{
  "name": "05-module-dep-test",
  "version": "1.0.0",
  "lockfileVersion": 2,
  "requires": true,
  "packages": {
    "": {
      "name": "05-module-dep-test",
      "version": "1.0.0",
      "license": "ISC",
      "dependencies": {
        "mylib": "file:../04-module-dep"
      }
    },
    "../04-module-dep": {
      "version": "1.0.0",
      "license": "ISC",
      "dependencies": {
        "moment": "^2.29.4"
      }
    },
    "node_modules/mylib": {
      "resolved": "../04-module-dep",
      "link": true
    }
  },
  "dependencies": {
    "mylib": {
      "version": "file:../04-module-dep",
      "requires": {
        "moment": "^2.29.4"
      }
    }
  }
}
