{
  "name": "07-use-published",
  "version": "1.0.0",
  "lockfileVersion": 2,
  "requires": true,
  "packages": {
    "": {
      "name": "07-use-published",
      "version": "1.0.0",
      "license": "ISC",
      "dependencies": {
        "jirepos-time-util": "^1.0.0"
      }
    },
    "node_modules/jirepos-time-util": {
      "version": "1.0.0",
      "resolved": "https://registry.npmjs.org/jirepos-time-util/-/jirepos-time-util-1.0.0.tgz",
      "integrity": "sha512-lduJQemfuyLpT+NcQRDcX5MRb3RV43zU2FLXm6wzLEbWVXctBRfK8seH27AWFs9qyE1270VlsuipSpW8ul2fYg==",
      "dependencies": {
        "moment": "^2.29.4"
      }
    },
    "node_modules/moment": {
      "version": "2.29.4",
      "resolved": "https://registry.npmjs.org/moment/-/moment-2.29.4.tgz",
      "integrity": "sha512-5LC9SOxjSc2HF6vO2CyuTDNivEdoz2IvyJJGj6X8DJ0eFyfszE0QiEd+iXmBvUP3WHxSjFH/vIsA0EN00cgr8w==",
      "engines": {
        "node": "*"
      }
    }
  },
  "dependencies": {
    "jirepos-time-util": {
      "version": "1.0.0",
      "resolved": "https://registry.npmjs.org/jirepos-time-util/-/jirepos-time-util-1.0.0.tgz",
      "integrity": "sha512-lduJQemfuyLpT+NcQRDcX5MRb3RV43zU2FLXm6wzLEbWVXctBRfK8seH27AWFs9qyE1270VlsuipSpW8ul2fYg==",
      "requires": {
        "moment": "^2.29.4"
      }
    },
    "moment": {
      "version": "2.29.4",
      "resolved": "https://registry.npmjs.org/moment/-/moment-2.29.4.tgz",
      "integrity": "sha512-5LC9SOxjSc2HF6vO2CyuTDNivEdoz2IvyJJGj6X8DJ0eFyfszE0QiEd+iXmBvUP3WHxSjFH/vIsA0EN00cgr8w=="
    }
  }
}
